<?xml version="1.0" encoding="utf-8"?>
<Project ToolsVersion="4.0" xmlns="http://schemas.microsoft.com/developer/msbuild/2003">
  <ItemGroup>
    <Filter Include="Source Files">
      <UniqueIdentifier>{4FC737F1-C7A5-4376-A066-2A32D752A2FF}</UniqueIdentifier>
      <Extensions>cpp;c;cc;cxx;c++;cppm;ixx;def;odl;idl;hpj;bat;asm;asmx</Extensions>
    </Filter>
    <Filter Include="Header Files">
      <UniqueIdentifier>{93995380-89BD-4b04-88EB-625FBE52EBFB}</UniqueIdentifier>
      <Extensions>h;hh;hpp;hxx;h++;hm;inl;inc;ipp;xsd</Extensions>
    </Filter>
    <Filter Include="Resource Files">
      <UniqueIdentifier>{67DA6AB6-F800-4c08-8B7A-83BB121AAD01}</UniqueIdentifier>
      <Extensions>rc;ico;cur;bmp;dlg;rc2;rct;bin;rgs;gif;jpg;jpeg;jpe;resx;tiff;tif;png;wav;mfcribbon-ms</Extensions>
    </Filter>
    <Filter Include="Panels">
      <UniqueIdentifier>{4efabe22-9620-4834-ae21-2db54c8f74f6}</UniqueIdentifier>
    </Filter>
    <Filter Include="Style">
      <UniqueIdentifier>{2575807d-c393-4cbc-9f60-5316351e23e4}</UniqueIdentifier>
    </Filter>
    <Filter Include="point">
      <UniqueIdentifier>{f4033410-535b-4916-8b92-c45a85e8f70d}</UniqueIdentifier>
    </Filter>
    <Filter Include="line">
      <UniqueIdentifier>{818a8da4-6c62-4e1a-8b7d-e0ecfa96cea5}</UniqueIdentifier>
    </Filter>
    <Filter Include="data_set">
      <UniqueIdentifier>{856d6cb8-e39c-48ff-9b80-d49d9ed67d17}</UniqueIdentifier>
    </Filter>
    <Filter Include="scale">
      <UniqueIdentifier>{e2603311-b1ef-473e-b518-5be1fd349a99}</UniqueIdentifier>
    </Filter>
    <Filter Include="label">
      <UniqueIdentifier>{5155639a-bcb4-48f8-9a71-116fd622f56b}</UniqueIdentifier>
    </Filter>
    <Filter Include="grid">
      <UniqueIdentifier>{b3d8e319-8e5e-4976-be68-1a2c0261fd46}</UniqueIdentifier>
    </Filter>
  </ItemGroup>
  <ItemGroup>
    <ClInclude Include="PlotWidget.h">
      <Filter>Header Files</Filter>
    </ClInclude>
    <ClInclude Include="DataSet.h">
      <Filter>Header Files</Filter>
    </ClInclude>
    <ClInclude Include="Lock.h">
      <Filter>Header Files</Filter>
    </ClInclude>
    <ClInclude Include="PlotEvent.h">
      <Filter>Header Files</Filter>
    </ClInclude>
    <ClInclude Include="style.h">
      <Filter>Style</Filter>
    </ClInclude>
    <ClInclude Include="border.h">
      <Filter>Style</Filter>
    </ClInclude>
    <ClInclude Include="point.h">
      <Filter>point</Filter>
    </ClInclude>
    <ClInclude Include="point_cast.h">
      <Filter>point</Filter>
    </ClInclude>
    <ClInclude Include="line.h">
      <Filter>line</Filter>
    </ClInclude>
    <ClInclude Include="data_set.h">
      <Filter>data_set</Filter>
    </ClInclude>
    <ClInclude Include="scale.h">
      <Filter>scale</Filter>
    </ClInclude>
    <ClInclude Include="label.h">
      <Filter>label</Filter>
    </ClInclude>
    <ClInclude Include="grid.h">
      <Filter>grid</Filter>
    </ClInclude>
  </ItemGroup>
  <ItemGroup>
    <ClCompile Include="PlotWidget.cpp">
      <Filter>Source Files</Filter>
    </ClCompile>
    <ClCompile Include="DataSet.cpp">
      <Filter>Source Files</Filter>
    </ClCompile>
  </ItemGroup>
</Project>